NeoBundleLock ag.vim 4a0dd6e190f446e5a016b44fdaa2feafc582918e
NeoBundleLock ctrlp-funky 1802f668cbbc25be55961a44c5b8f95a27acb733
NeoBundleLock ctrlp.vim 43cc73b8e7d4ab45f17118573eb81fd45704b989
NeoBundleLock emmet-vim 63c98d801b2123cc0e88f622644770ca7d89e791
NeoBundleLock indentLine 4e4964d148f552bdec8c4271ed94d77eaa6c7543
NeoBundleLock lightline.vim 166f179cf89320b1b6f95def3a49fda448f4f711
NeoBundleLock lucario 5cef67e4f9f2e2b077f90f5574ce2f72a27c05c5
NeoBundleLock neobundle.vim 1306c131ff0a6cc094b7ff0727350e442b5427f1
NeoBundleLock neocomplete.vim d3b4d2860ec34648a2d6df4631718a6a7cfa5d40
NeoBundleLock neosnippet 9f87934708db75cfafd3ec957c11cfe190281c5f
NeoBundleLock neosnippet-snippets ec928a971f32150119f0ab73d289ea82e2740ae0
NeoBundleLock nerdtree 808f5b225b090bb4a94a2c47bb08d1bc1f7f8a4e
NeoBundleLock syntastic-local-eslint.vim 5d6a68121c0d2e2727122a0f10b6b01f40666c10
NeoBundleLock vim-ctrlp-commandline ac3ea874c0d472b2813292dc8e9f06ce08f9c0ed
NeoBundleLock vim-trailing-whitespace 4c596548216b7c19971f8fc94e38ef1a2b55fee6
